
Microsoft Visual Studio Solution File, Format Version 12.00
# Visual Studio Version 17
VisualStudioVersion = 17.1.32210.238
MinimumVisualStudioVersion = 10.0.40219.1
Project("{FAE04EC0-301F-11D3-BF4B-00C04F79EFBC}") = "ZEISSMachineStreamAPI", "ZEISSMachineStreamAPI\ZEISSMachineStreamAPI.csproj", "{D777F3BF-DD3E-4E59-BFAB-F2E9761C68C2}"
EndProject
Global
	GlobalSection(SolutionConfigurationPlatforms) = preSolution
		Debug|Any CPU = Debug|Any CPU
		Release|Any CPU = Release|Any CPU
	EndGlobalSection
	GlobalSection(ProjectConfigurationPlatforms) = postSolution
		{D777F3BF-DD3E-4E59-BFAB-F2E9761C68C2}.Debug|Any CPU.ActiveCfg = Debug|Any CPU
		{D777F3BF-DD3E-4E59-BFAB-F2E9761C68C2}.Debug|Any CPU.Build.0 = Debug|Any CPU
		{D777F3BF-DD3E-4E59-BFAB-F2E9761C68C2}.Release|Any CPU.ActiveCfg = Release|Any CPU
		{D777F3BF-DD3E-4E59-BFAB-F2E9761C68C2}.Release|Any CPU.Build.0 = Release|Any CPU
	EndGlobalSection
	GlobalSection(SolutionProperties) = preSolution
		HideSolutionNode = FALSE
	EndGlobalSection
	GlobalSection(ExtensibilityGlobals) = postSolution
		SolutionGuid = {1C0A8C1A-E92B-4F20-A669-E611C035ABCE}
	EndGlobalSection
EndGlobal
